
Microsoft Visual Studio Solution File, Format Version 12.00
# Visual Studio Version 17
VisualStudioVersion = 17.12.35514.174
MinimumVisualStudioVersion = 10.0.40219.1
Project("{FAE04EC0-301F-11D3-BF4B-00C04F79EFBC}") = "Contact_Information_Consol", "Contact_Information_Consol.csproj", "{7781C42F-515F-4B86-9AC2-8DF1EB0FFAD1}"
EndProject
Project("{FAE04EC0-301F-11D3-BF4B-00C04F79EFBC}") = "UserListManager", "..\UserListManager\UserListManager.csproj", "{87EACEA1-45AA-4A6B-A2B6-7FBC5D951C4E}"
EndProject
Global
	GlobalSection(SolutionConfigurationPlatforms) = preSolution
		Debug|Any CPU = Debug|Any CPU
		Release|Any CPU = Release|Any CPU
	EndGlobalSection
	GlobalSection(ProjectConfigurationPlatforms) = postSolution
		{7781C42F-515F-4B86-9AC2-8DF1EB0FFAD1}.Debug|Any CPU.ActiveCfg = Debug|Any CPU
		{7781C42F-515F-4B86-9AC2-8DF1EB0FFAD1}.Debug|Any CPU.Build.0 = Debug|Any CPU
		{7781C42F-515F-4B86-9AC2-8DF1EB0FFAD1}.Release|Any CPU.ActiveCfg = Release|Any CPU
		{7781C42F-515F-4B86-9AC2-8DF1EB0FFAD1}.Release|Any CPU.Build.0 = Release|Any CPU
		{87EACEA1-45AA-4A6B-A2B6-7FBC5D951C4E}.Debug|Any CPU.ActiveCfg = Debug|Any CPU
		{87EACEA1-45AA-4A6B-A2B6-7FBC5D951C4E}.Debug|Any CPU.Build.0 = Debug|Any CPU
		{87EACEA1-45AA-4A6B-A2B6-7FBC5D951C4E}.Release|Any CPU.ActiveCfg = Release|Any CPU
		{87EACEA1-45AA-4A6B-A2B6-7FBC5D951C4E}.Release|Any CPU.Build.0 = Release|Any CPU
	EndGlobalSection
	GlobalSection(SolutionProperties) = preSolution
		HideSolutionNode = FALSE
	EndGlobalSection
EndGlobal
